
Microsoft Visual Studio Solution File, Format Version 12.00
Project("{FAE04EC0-301F-11D3-BF4B-00C04F79EFBC}") = "ScholarSift-Api", "ScholarSift-Api\ScholarSift-Api.csproj", "{39274D13-F5F2-458E-981A-82AE59540DD0}"
EndProject
Project("{FAE04EC0-301F-11D3-BF4B-00C04F79EFBC}") = "ScholarSift-Entity", "ScholarSift-Entity\ScholarSift-Entity.csproj", "{DA1FFC0A-D1CB-4E54-8CF8-9D95B0B7B6EF}"
EndProject
Project("{FAE04EC0-301F-11D3-BF4B-00C04F79EFBC}") = "ScholarSift-Data", "ScholarSift-Data\ScholarSift-Data.csproj", "{1933A4B6-AA1E-4F7A-BB14-2290C7D00CF0}"
EndProject
Project("{FAE04EC0-301F-11D3-BF4B-00C04F79EFBC}") = "ScholarSift-UI", "ScholarSift-UI\ScholarSift-UI.csproj", "{F03F6A7A-98CD-4012-99A7-B10315A2D36B}"
EndProject
Global
	GlobalSection(SolutionConfigurationPlatforms) = preSolution
		Debug|Any CPU = Debug|Any CPU
		Release|Any CPU = Release|Any CPU
	EndGlobalSection
	GlobalSection(ProjectConfigurationPlatforms) = postSolution
		{39274D13-F5F2-458E-981A-82AE59540DD0}.Debug|Any CPU.ActiveCfg = Debug|Any CPU
		{39274D13-F5F2-458E-981A-82AE59540DD0}.Debug|Any CPU.Build.0 = Debug|Any CPU
		{39274D13-F5F2-458E-981A-82AE59540DD0}.Release|Any CPU.ActiveCfg = Release|Any CPU
		{39274D13-F5F2-458E-981A-82AE59540DD0}.Release|Any CPU.Build.0 = Release|Any CPU
		{DA1FFC0A-D1CB-4E54-8CF8-9D95B0B7B6EF}.Debug|Any CPU.ActiveCfg = Debug|Any CPU
		{DA1FFC0A-D1CB-4E54-8CF8-9D95B0B7B6EF}.Debug|Any CPU.Build.0 = Debug|Any CPU
		{DA1FFC0A-D1CB-4E54-8CF8-9D95B0B7B6EF}.Release|Any CPU.ActiveCfg = Release|Any CPU
		{DA1FFC0A-D1CB-4E54-8CF8-9D95B0B7B6EF}.Release|Any CPU.Build.0 = Release|Any CPU
		{1933A4B6-AA1E-4F7A-BB14-2290C7D00CF0}.Debug|Any CPU.ActiveCfg = Debug|Any CPU
		{1933A4B6-AA1E-4F7A-BB14-2290C7D00CF0}.Debug|Any CPU.Build.0 = Debug|Any CPU
		{1933A4B6-AA1E-4F7A-BB14-2290C7D00CF0}.Release|Any CPU.ActiveCfg = Release|Any CPU
		{1933A4B6-AA1E-4F7A-BB14-2290C7D00CF0}.Release|Any CPU.Build.0 = Release|Any CPU
		{F03F6A7A-98CD-4012-99A7-B10315A2D36B}.Debug|Any CPU.ActiveCfg = Debug|Any CPU
		{F03F6A7A-98CD-4012-99A7-B10315A2D36B}.Debug|Any CPU.Build.0 = Debug|Any CPU
		{F03F6A7A-98CD-4012-99A7-B10315A2D36B}.Release|Any CPU.ActiveCfg = Release|Any CPU
		{F03F6A7A-98CD-4012-99A7-B10315A2D36B}.Release|Any CPU.Build.0 = Release|Any CPU
	EndGlobalSection
EndGlobal
